
Microsoft Visual Studio Solution File, Format Version 12.00
# Visual Studio 14
VisualStudioVersion = 14.0.25420.1
MinimumVisualStudioVersion = 10.0.40219.1
Project("{2150E333-8FDC-42A3-9474-1A3956D46DE8}") = "Resource Access", "Resource Access", "{1ED2E12B-4EA6-43AC-A91A-BA1FC262CCF4}"
EndProject
Project("{2150E333-8FDC-42A3-9474-1A3956D46DE8}") = "Business", "Business", "{22306342-D7E1-48C1-8DA2-3A4C08693070}"
EndProject
Project("{2150E333-8FDC-42A3-9474-1A3956D46DE8}") = "Client", "Client", "{3E3F4DE1-8470-4344-A956-3641E11EB1EF}"
EndProject
Project("{2150E333-8FDC-42A3-9474-1A3956D46DE8}") = "Common", "Common", "{308966BD-C2E1-4602-8F2B-E932F0759D09}"
EndProject
Project("{2150E333-8FDC-42A3-9474-1A3956D46DE8}") = "Core", "Core", "{495C867F-D3AB-483A-9D7F-D99BFCCBD153}"
EndProject
Project("{FAE04EC0-301F-11D3-BF4B-00C04F79EFBC}") = "Core.Common", "..\Core\Core.Common\Core.Common.csproj", "{F6BCFF98-A714-4B7B-978F-23D812D1744A}"
EndProject
Project("{FAE04EC0-301F-11D3-BF4B-00C04F79EFBC}") = "Core.Common.Contracts", "..\Core\Core.Common.Contracts\Core.Common.Contracts.csproj", "{5F9B5530-F150-4BF0-9D07-0AD8A4C6EF7D}"
EndProject
Project("{FAE04EC0-301F-11D3-BF4B-00C04F79EFBC}") = "Core.Common.ServiceModel", "..\Core\Core.Common.ServiceModel\Core.Common.ServiceModel.csproj", "{73FBE0BF-9DB9-498E-8AEF-68210104D0C1}"
EndProject
Project("{FAE04EC0-301F-11D3-BF4B-00C04F79EFBC}") = "Core.Common.UI", "..\Core\Core.Common.UI\Core.Common.UI.csproj", "{5DF27A6C-2466-4BAA-B379-90D3D60AD5BA}"
EndProject
Project("{2150E333-8FDC-42A3-9474-1A3956D46DE8}") = "Tests", "Tests", "{FAC3586D-B623-4C3D-815B-4E8EBC8AF0FC}"
EndProject
Project("{2150E333-8FDC-42A3-9474-1A3956D46DE8}") = "User Services", "User Services", "{145F8229-87D9-45A1-8138-FDA0C94BAFD7}"
EndProject
Project("{2150E333-8FDC-42A3-9474-1A3956D46DE8}") = "Notes", "Notes", "{8A687762-15C1-4EB8-A82D-1A3608A16100}"
	ProjectSection(SolutionItems) = preProject
		..\..\..\Docs\App Description.txt = ..\..\..\Docs\App Description.txt
		Core User Processes.txt = Core User Processes.txt
		..\..\..\Docs\Technologies Used.txt = ..\..\..\Docs\Technologies Used.txt
		..\..\..\..\Docs\vNext.txt = ..\..\..\..\Docs\vNext.txt
	EndProjectSection
EndProject
Project("{FAE04EC0-301F-11D3-BF4B-00C04F79EFBC}") = "Core.Common.Tests", "..\Core\Core.Common.Tests\Core.Common.Tests.csproj", "{3492A5CB-8CB5-46FF-B307-FB6B85D594B1}"
EndProject
Project("{FAE04EC0-301F-11D3-BF4B-00C04F79EFBC}") = "Core.Common.UI.Tests", "..\Core\Core.Common.UI.Tests\Core.Common.UI.Tests.csproj", "{E2D4AE9F-521D-4D6D-8C95-FDA6C1CACB40}"
EndProject
Project("{2150E333-8FDC-42A3-9474-1A3956D46DE8}") = ".nuget", ".nuget", "{3F7137FD-FA71-4842-BF46-D1006C618EF1}"
	ProjectSection(SolutionItems) = preProject
		.nuget\NuGet.Config = .nuget\NuGet.Config
		.nuget\NuGet.exe = .nuget\NuGet.exe
		.nuget\NuGet.targets = .nuget\NuGet.targets
	EndProjectSection
EndProject
Project("{FAE04EC0-301F-11D3-BF4B-00C04F79EFBC}") = "Cti.Seller.Business", "Cti.Seller.Business\Cti.Seller.Business.csproj", "{ACA2FB2A-8507-4454-9135-2450A72EC99B}"
EndProject
Project("{FAE04EC0-301F-11D3-BF4B-00C04F79EFBC}") = "Cti.Seller.Business.Bootstrapper", "Cti.Seller.Business.Bootstrapper\Cti.Seller.Business.Bootstrapper.csproj", "{8A3D1C81-17D5-4384-8A9A-61B386046F04}"
EndProject
Project("{FAE04EC0-301F-11D3-BF4B-00C04F79EFBC}") = "Cti.Seller.Business.Common", "Cti.Seller.Business.Common\Cti.Seller.Business.Common.csproj", "{5FF24820-A4E5-443F-BB88-289183528211}"
EndProject
Project("{FAE04EC0-301F-11D3-BF4B-00C04F79EFBC}") = "Cti.Seller.Business.Contracts", "Cti.Seller.Business.Contracts\Cti.Seller.Business.Contracts.csproj", "{18AFF0EC-4272-4CA0-AAD5-013A361838FE}"
EndProject
Project("{FAE04EC0-301F-11D3-BF4B-00C04F79EFBC}") = "Cti.Seller.Business.Entities", "Cti.Seller.Business.Entities\Cti.Seller.Business.Entities.csproj", "{0C09975F-3368-4D86-9CEF-7EF23E0C395B}"
EndProject
Project("{FAE04EC0-301F-11D3-BF4B-00C04F79EFBC}") = "Cti.Seller.Business.Managers", "Cti.Seller.Business.Managers\Cti.Seller.Business.Managers.csproj", "{B014C1C1-85F7-4694-857C-CEFD36F90BAB}"
EndProject
Project("{FAE04EC0-301F-11D3-BF4B-00C04F79EFBC}") = "Cti.Seller.Client.Bootstrapper", "Cti.Seller.Client.Bootstrapper\Cti.Seller.Client.Bootstrapper.csproj", "{0EFD375A-9035-414A-B864-31DE6D59A274}"
EndProject
Project("{FAE04EC0-301F-11D3-BF4B-00C04F79EFBC}") = "Cti.Seller.Client.Contracts", "Cti.Seller.Client.Contracts\Cti.Seller.Client.Contracts.csproj", "{37DE3EBB-7EBC-4F08-8A84-03635E6F971B}"
EndProject
Project("{FAE04EC0-301F-11D3-BF4B-00C04F79EFBC}") = "Cti.Seller.Client.Entities", "Cti.Seller.Client.Entities\Cti.Seller.Client.Entities.csproj", "{0354345C-1B81-4228-97DA-FF822888C3ED}"
EndProject
Project("{FAE04EC0-301F-11D3-BF4B-00C04F79EFBC}") = "Cti.Seller.Client.Proxies", "Cti.Seller.Client.Proxies\Cti.Seller.Client.Proxies.csproj", "{18F9F5E1-2D83-4958-9980-FA7F91BB6006}"
EndProject
Project("{FAE04EC0-301F-11D3-BF4B-00C04F79EFBC}") = "Cti.Seller.Common", "Cti.Seller.Common\Cti.Seller.Common.csproj", "{3627E31F-94B8-4715-A40B-48729F29CFA9}"
EndProject
Project("{FAE04EC0-301F-11D3-BF4B-00C04F79EFBC}") = "Cti.Seller.Common.Contracts", "Cti.Seller.Common.Contracts\Cti.Seller.Common.Contracts.csproj", "{4323B92B-86CC-436B-AB27-E2C19411DAEE}"
EndProject
Project("{FAE04EC0-301F-11D3-BF4B-00C04F79EFBC}") = "Cti.Seller.ServiceHost.Console", "Cti.Seller.ServiceHost.Console\Cti.Seller.ServiceHost.Console.csproj", "{C0BF886A-D1F2-465E-B138-2A4F6E97622C}"
EndProject
Project("{FAE04EC0-301F-11D3-BF4B-00C04F79EFBC}") = "Cti.Seller.Web-Ng", "Cti.Seller.Web-Ng\Cti.Seller.Web-Ng.csproj", "{FDEFD54C-583B-4D18-9ABE-ED91CE092503}"
EndProject
Project("{FAE04EC0-301F-11D3-BF4B-00C04F79EFBC}") = "Cti.Seller.Data", "Cti.Seller.Data\Cti.Seller.Data.csproj", "{587B95AF-4FE6-4520-8849-3A44A9E84EE5}"
EndProject
Project("{FAE04EC0-301F-11D3-BF4B-00C04F79EFBC}") = "Cti.Seller.Data.Contracts", "Cti.Seller.Data.Contracts\Cti.Seller.Data.Contracts.csproj", "{E4F09BC8-70E2-43DF-A5B5-276566EB9EC1}"
EndProject
Project("{FAE04EC0-301F-11D3-BF4B-00C04F79EFBC}") = "Cti.Seller.Business.Managers.Tests", "Cti.Seller.Business.Managers.Tests\Cti.Seller.Business.Managers.Tests.csproj", "{9A592D8F-B439-47C3-BACF-A86F30C53130}"
EndProject
Project("{FAE04EC0-301F-11D3-BF4B-00C04F79EFBC}") = "Cti.Seller.Business.Tests", "Cti.Seller.Business.Tests\Cti.Seller.Business.Tests.csproj", "{4638FDA9-EBF6-492B-AA20-FE8300E3B34F}"
EndProject
Project("{FAE04EC0-301F-11D3-BF4B-00C04F79EFBC}") = "Cti.Seller.Client.Proxies.Tests", "Cti.Seller.Client.Proxies.Tests\Cti.Seller.Client.Proxies.Tests.csproj", "{F36115BA-978D-480A-AB11-6A9DAF80B6E3}"
EndProject
Project("{FAE04EC0-301F-11D3-BF4B-00C04F79EFBC}") = "Cti.Seller.Data.Tests", "Cti.Seller.Data.Tests\Cti.Seller.Data.Tests.csproj", "{31C5953F-822E-429C-A133-A79940ED4CBE}"
EndProject
Project("{FAE04EC0-301F-11D3-BF4B-00C04F79EFBC}") = "Cti.Seller.ServiceHost.Tests", "Cti.Seller.ServiceHost.Tests\Cti.Seller.ServiceHost.Tests.csproj", "{7EE6D065-86CB-4526-9F07-ADC490F9D22E}"
EndProject
Project("{FAE04EC0-301F-11D3-BF4B-00C04F79EFBC}") = "Cti.Seller.Web-Ng.Tests", "Cti.Seller.Web-Ng.Tests\Cti.Seller.Web-Ng.Tests.csproj", "{DCFAE62D-E9F0-4637-9758-A4B86AB7E53A}"
EndProject
Global
	GlobalSection(SolutionConfigurationPlatforms) = preSolution
		Debug|Any CPU = Debug|Any CPU
		Release|Any CPU = Release|Any CPU
	EndGlobalSection
	GlobalSection(ProjectConfigurationPlatforms) = postSolution
		{F6BCFF98-A714-4B7B-978F-23D812D1744A}.Debug|Any CPU.ActiveCfg = Debug|Any CPU
		{F6BCFF98-A714-4B7B-978F-23D812D1744A}.Debug|Any CPU.Build.0 = Debug|Any CPU
		{F6BCFF98-A714-4B7B-978F-23D812D1744A}.Release|Any CPU.ActiveCfg = Release|Any CPU
		{F6BCFF98-A714-4B7B-978F-23D812D1744A}.Release|Any CPU.Build.0 = Release|Any CPU
		{5F9B5530-F150-4BF0-9D07-0AD8A4C6EF7D}.Debug|Any CPU.ActiveCfg = Debug|Any CPU
		{5F9B5530-F150-4BF0-9D07-0AD8A4C6EF7D}.Debug|Any CPU.Build.0 = Debug|Any CPU
		{5F9B5530-F150-4BF0-9D07-0AD8A4C6EF7D}.Release|Any CPU.ActiveCfg = Release|Any CPU
		{5F9B5530-F150-4BF0-9D07-0AD8A4C6EF7D}.Release|Any CPU.Build.0 = Release|Any CPU
		{73FBE0BF-9DB9-498E-8AEF-68210104D0C1}.Debug|Any CPU.ActiveCfg = Debug|Any CPU
		{73FBE0BF-9DB9-498E-8AEF-68210104D0C1}.Debug|Any CPU.Build.0 = Debug|Any CPU
		{73FBE0BF-9DB9-498E-8AEF-68210104D0C1}.Release|Any CPU.ActiveCfg = Release|Any CPU
		{73FBE0BF-9DB9-498E-8AEF-68210104D0C1}.Release|Any CPU.Build.0 = Release|Any CPU
		{5DF27A6C-2466-4BAA-B379-90D3D60AD5BA}.Debug|Any CPU.ActiveCfg = Debug|Any CPU
		{5DF27A6C-2466-4BAA-B379-90D3D60AD5BA}.Debug|Any CPU.Build.0 = Debug|Any CPU
		{5DF27A6C-2466-4BAA-B379-90D3D60AD5BA}.Release|Any CPU.ActiveCfg = Release|Any CPU
		{5DF27A6C-2466-4BAA-B379-90D3D60AD5BA}.Release|Any CPU.Build.0 = Release|Any CPU
		{3492A5CB-8CB5-46FF-B307-FB6B85D594B1}.Debug|Any CPU.ActiveCfg = Debug|Any CPU
		{3492A5CB-8CB5-46FF-B307-FB6B85D594B1}.Debug|Any CPU.Build.0 = Debug|Any CPU
		{3492A5CB-8CB5-46FF-B307-FB6B85D594B1}.Release|Any CPU.ActiveCfg = Release|Any CPU
		{3492A5CB-8CB5-46FF-B307-FB6B85D594B1}.Release|Any CPU.Build.0 = Release|Any CPU
		{E2D4AE9F-521D-4D6D-8C95-FDA6C1CACB40}.Debug|Any CPU.ActiveCfg = Debug|Any CPU
		{E2D4AE9F-521D-4D6D-8C95-FDA6C1CACB40}.Debug|Any CPU.Build.0 = Debug|Any CPU
		{E2D4AE9F-521D-4D6D-8C95-FDA6C1CACB40}.Release|Any CPU.ActiveCfg = Release|Any CPU
		{E2D4AE9F-521D-4D6D-8C95-FDA6C1CACB40}.Release|Any CPU.Build.0 = Release|Any CPU
		{ACA2FB2A-8507-4454-9135-2450A72EC99B}.Debug|Any CPU.ActiveCfg = Debug|Any CPU
		{ACA2FB2A-8507-4454-9135-2450A72EC99B}.Debug|Any CPU.Build.0 = Debug|Any CPU
		{ACA2FB2A-8507-4454-9135-2450A72EC99B}.Release|Any CPU.ActiveCfg = Release|Any CPU
		{ACA2FB2A-8507-4454-9135-2450A72EC99B}.Release|Any CPU.Build.0 = Release|Any CPU
		{8A3D1C81-17D5-4384-8A9A-61B386046F04}.Debug|Any CPU.ActiveCfg = Debug|Any CPU
		{8A3D1C81-17D5-4384-8A9A-61B386046F04}.Debug|Any CPU.Build.0 = Debug|Any CPU
		{8A3D1C81-17D5-4384-8A9A-61B386046F04}.Release|Any CPU.ActiveCfg = Release|Any CPU
		{8A3D1C81-17D5-4384-8A9A-61B386046F04}.Release|Any CPU.Build.0 = Release|Any CPU
		{5FF24820-A4E5-443F-BB88-289183528211}.Debug|Any CPU.ActiveCfg = Debug|Any CPU
		{5FF24820-A4E5-443F-BB88-289183528211}.Debug|Any CPU.Build.0 = Debug|Any CPU
		{5FF24820-A4E5-443F-BB88-289183528211}.Release|Any CPU.ActiveCfg = Release|Any CPU
		{5FF24820-A4E5-443F-BB88-289183528211}.Release|Any CPU.Build.0 = Release|Any CPU
		{18AFF0EC-4272-4CA0-AAD5-013A361838FE}.Debug|Any CPU.ActiveCfg = Debug|Any CPU
		{18AFF0EC-4272-4CA0-AAD5-013A361838FE}.Debug|Any CPU.Build.0 = Debug|Any CPU
		{18AFF0EC-4272-4CA0-AAD5-013A361838FE}.Release|Any CPU.ActiveCfg = Release|Any CPU
		{18AFF0EC-4272-4CA0-AAD5-013A361838FE}.Release|Any CPU.Build.0 = Release|Any CPU
		{0C09975F-3368-4D86-9CEF-7EF23E0C395B}.Debug|Any CPU.ActiveCfg = Debug|Any CPU
		{0C09975F-3368-4D86-9CEF-7EF23E0C395B}.Debug|Any CPU.Build.0 = Debug|Any CPU
		{0C09975F-3368-4D86-9CEF-7EF23E0C395B}.Release|Any CPU.ActiveCfg = Release|Any CPU
		{0C09975F-3368-4D86-9CEF-7EF23E0C395B}.Release|Any CPU.Build.0 = Release|Any CPU
		{B014C1C1-85F7-4694-857C-CEFD36F90BAB}.Debug|Any CPU.ActiveCfg = Debug|Any CPU
		{B014C1C1-85F7-4694-857C-CEFD36F90BAB}.Debug|Any CPU.Build.0 = Debug|Any CPU
		{B014C1C1-85F7-4694-857C-CEFD36F90BAB}.Release|Any CPU.ActiveCfg = Release|Any CPU
		{B014C1C1-85F7-4694-857C-CEFD36F90BAB}.Release|Any CPU.Build.0 = Release|Any CPU
		{0EFD375A-9035-414A-B864-31DE6D59A274}.Debug|Any CPU.ActiveCfg = Debug|Any CPU
		{0EFD375A-9035-414A-B864-31DE6D59A274}.Debug|Any CPU.Build.0 = Debug|Any CPU
		{0EFD375A-9035-414A-B864-31DE6D59A274}.Release|Any CPU.ActiveCfg = Release|Any CPU
		{0EFD375A-9035-414A-B864-31DE6D59A274}.Release|Any CPU.Build.0 = Release|Any CPU
		{37DE3EBB-7EBC-4F08-8A84-03635E6F971B}.Debug|Any CPU.ActiveCfg = Debug|Any CPU
		{37DE3EBB-7EBC-4F08-8A84-03635E6F971B}.Debug|Any CPU.Build.0 = Debug|Any CPU
		{37DE3EBB-7EBC-4F08-8A84-03635E6F971B}.Release|Any CPU.ActiveCfg = Release|Any CPU
		{37DE3EBB-7EBC-4F08-8A84-03635E6F971B}.Release|Any CPU.Build.0 = Release|Any CPU
		{0354345C-1B81-4228-97DA-FF822888C3ED}.Debug|Any CPU.ActiveCfg = Debug|Any CPU
		{0354345C-1B81-4228-97DA-FF822888C3ED}.Debug|Any CPU.Build.0 = Debug|Any CPU
		{0354345C-1B81-4228-97DA-FF822888C3ED}.Release|Any CPU.ActiveCfg = Release|Any CPU
		{0354345C-1B81-4228-97DA-FF822888C3ED}.Release|Any CPU.Build.0 = Release|Any CPU
		{18F9F5E1-2D83-4958-9980-FA7F91BB6006}.Debug|Any CPU.ActiveCfg = Debug|Any CPU
		{18F9F5E1-2D83-4958-9980-FA7F91BB6006}.Debug|Any CPU.Build.0 = Debug|Any CPU
		{18F9F5E1-2D83-4958-9980-FA7F91BB6006}.Release|Any CPU.ActiveCfg = Release|Any CPU
		{18F9F5E1-2D83-4958-9980-FA7F91BB6006}.Release|Any CPU.Build.0 = Release|Any CPU
		{3627E31F-94B8-4715-A40B-48729F29CFA9}.Debug|Any CPU.ActiveCfg = Debug|Any CPU
		{3627E31F-94B8-4715-A40B-48729F29CFA9}.Debug|Any CPU.Build.0 = Debug|Any CPU
		{3627E31F-94B8-4715-A40B-48729F29CFA9}.Release|Any CPU.ActiveCfg = Release|Any CPU
		{3627E31F-94B8-4715-A40B-48729F29CFA9}.Release|Any CPU.Build.0 = Release|Any CPU
		{4323B92B-86CC-436B-AB27-E2C19411DAEE}.Debug|Any CPU.ActiveCfg = Debug|Any CPU
		{4323B92B-86CC-436B-AB27-E2C19411DAEE}.Debug|Any CPU.Build.0 = Debug|Any CPU
		{4323B92B-86CC-436B-AB27-E2C19411DAEE}.Release|Any CPU.ActiveCfg = Release|Any CPU
		{4323B92B-86CC-436B-AB27-E2C19411DAEE}.Release|Any CPU.Build.0 = Release|Any CPU
		{C0BF886A-D1F2-465E-B138-2A4F6E97622C}.Debug|Any CPU.ActiveCfg = Debug|Any CPU
		{C0BF886A-D1F2-465E-B138-2A4F6E97622C}.Debug|Any CPU.Build.0 = Debug|Any CPU
		{C0BF886A-D1F2-465E-B138-2A4F6E97622C}.Release|Any CPU.ActiveCfg = Release|Any CPU
		{C0BF886A-D1F2-465E-B138-2A4F6E97622C}.Release|Any CPU.Build.0 = Release|Any CPU
		{FDEFD54C-583B-4D18-9ABE-ED91CE092503}.Debug|Any CPU.ActiveCfg = Debug|Any CPU
		{FDEFD54C-583B-4D18-9ABE-ED91CE092503}.Debug|Any CPU.Build.0 = Debug|Any CPU
		{FDEFD54C-583B-4D18-9ABE-ED91CE092503}.Release|Any CPU.ActiveCfg = Release|Any CPU
		{FDEFD54C-583B-4D18-9ABE-ED91CE092503}.Release|Any CPU.Build.0 = Release|Any CPU
		{587B95AF-4FE6-4520-8849-3A44A9E84EE5}.Debug|Any CPU.ActiveCfg = Debug|Any CPU
		{587B95AF-4FE6-4520-8849-3A44A9E84EE5}.Debug|Any CPU.Build.0 = Debug|Any CPU
		{587B95AF-4FE6-4520-8849-3A44A9E84EE5}.Release|Any CPU.ActiveCfg = Release|Any CPU
		{587B95AF-4FE6-4520-8849-3A44A9E84EE5}.Release|Any CPU.Build.0 = Release|Any CPU
		{E4F09BC8-70E2-43DF-A5B5-276566EB9EC1}.Debug|Any CPU.ActiveCfg = Debug|Any CPU
		{E4F09BC8-70E2-43DF-A5B5-276566EB9EC1}.Debug|Any CPU.Build.0 = Debug|Any CPU
		{E4F09BC8-70E2-43DF-A5B5-276566EB9EC1}.Release|Any CPU.ActiveCfg = Release|Any CPU
		{E4F09BC8-70E2-43DF-A5B5-276566EB9EC1}.Release|Any CPU.Build.0 = Release|Any CPU
		{9A592D8F-B439-47C3-BACF-A86F30C53130}.Debug|Any CPU.ActiveCfg = Debug|Any CPU
		{9A592D8F-B439-47C3-BACF-A86F30C53130}.Debug|Any CPU.Build.0 = Debug|Any CPU
		{9A592D8F-B439-47C3-BACF-A86F30C53130}.Release|Any CPU.ActiveCfg = Release|Any CPU
		{9A592D8F-B439-47C3-BACF-A86F30C53130}.Release|Any CPU.Build.0 = Release|Any CPU
		{4638FDA9-EBF6-492B-AA20-FE8300E3B34F}.Debug|Any CPU.ActiveCfg = Debug|Any CPU
		{4638FDA9-EBF6-492B-AA20-FE8300E3B34F}.Debug|Any CPU.Build.0 = Debug|Any CPU
		{4638FDA9-EBF6-492B-AA20-FE8300E3B34F}.Release|Any CPU.ActiveCfg = Release|Any CPU
		{4638FDA9-EBF6-492B-AA20-FE8300E3B34F}.Release|Any CPU.Build.0 = Release|Any CPU
		{F36115BA-978D-480A-AB11-6A9DAF80B6E3}.Debug|Any CPU.ActiveCfg = Debug|Any CPU
		{F36115BA-978D-480A-AB11-6A9DAF80B6E3}.Debug|Any CPU.Build.0 = Debug|Any CPU
		{F36115BA-978D-480A-AB11-6A9DAF80B6E3}.Release|Any CPU.ActiveCfg = Release|Any CPU
		{F36115BA-978D-480A-AB11-6A9DAF80B6E3}.Release|Any CPU.Build.0 = Release|Any CPU
		{31C5953F-822E-429C-A133-A79940ED4CBE}.Debug|Any CPU.ActiveCfg = Debug|Any CPU
		{31C5953F-822E-429C-A133-A79940ED4CBE}.Debug|Any CPU.Build.0 = Debug|Any CPU
		{31C5953F-822E-429C-A133-A79940ED4CBE}.Release|Any CPU.ActiveCfg = Release|Any CPU
		{31C5953F-822E-429C-A133-A79940ED4CBE}.Release|Any CPU.Build.0 = Release|Any CPU
		{7EE6D065-86CB-4526-9F07-ADC490F9D22E}.Debug|Any CPU.ActiveCfg = Debug|Any CPU
		{7EE6D065-86CB-4526-9F07-ADC490F9D22E}.Debug|Any CPU.Build.0 = Debug|Any CPU
		{7EE6D065-86CB-4526-9F07-ADC490F9D22E}.Release|Any CPU.ActiveCfg = Release|Any CPU
		{7EE6D065-86CB-4526-9F07-ADC490F9D22E}.Release|Any CPU.Build.0 = Release|Any CPU
		{DCFAE62D-E9F0-4637-9758-A4B86AB7E53A}.Debug|Any CPU.ActiveCfg = Debug|Any CPU
		{DCFAE62D-E9F0-4637-9758-A4B86AB7E53A}.Debug|Any CPU.Build.0 = Debug|Any CPU
		{DCFAE62D-E9F0-4637-9758-A4B86AB7E53A}.Release|Any CPU.ActiveCfg = Release|Any CPU
		{DCFAE62D-E9F0-4637-9758-A4B86AB7E53A}.Release|Any CPU.Build.0 = Release|Any CPU
	EndGlobalSection
	GlobalSection(SolutionProperties) = preSolution
		HideSolutionNode = FALSE
	EndGlobalSection
	GlobalSection(NestedProjects) = preSolution
		{F6BCFF98-A714-4B7B-978F-23D812D1744A} = {495C867F-D3AB-483A-9D7F-D99BFCCBD153}
		{5F9B5530-F150-4BF0-9D07-0AD8A4C6EF7D} = {495C867F-D3AB-483A-9D7F-D99BFCCBD153}
		{73FBE0BF-9DB9-498E-8AEF-68210104D0C1} = {495C867F-D3AB-483A-9D7F-D99BFCCBD153}
		{5DF27A6C-2466-4BAA-B379-90D3D60AD5BA} = {495C867F-D3AB-483A-9D7F-D99BFCCBD153}
		{3492A5CB-8CB5-46FF-B307-FB6B85D594B1} = {FAC3586D-B623-4C3D-815B-4E8EBC8AF0FC}
		{E2D4AE9F-521D-4D6D-8C95-FDA6C1CACB40} = {FAC3586D-B623-4C3D-815B-4E8EBC8AF0FC}
		{ACA2FB2A-8507-4454-9135-2450A72EC99B} = {22306342-D7E1-48C1-8DA2-3A4C08693070}
		{8A3D1C81-17D5-4384-8A9A-61B386046F04} = {22306342-D7E1-48C1-8DA2-3A4C08693070}
		{5FF24820-A4E5-443F-BB88-289183528211} = {22306342-D7E1-48C1-8DA2-3A4C08693070}
		{18AFF0EC-4272-4CA0-AAD5-013A361838FE} = {22306342-D7E1-48C1-8DA2-3A4C08693070}
		{0C09975F-3368-4D86-9CEF-7EF23E0C395B} = {22306342-D7E1-48C1-8DA2-3A4C08693070}
		{B014C1C1-85F7-4694-857C-CEFD36F90BAB} = {22306342-D7E1-48C1-8DA2-3A4C08693070}
		{0EFD375A-9035-414A-B864-31DE6D59A274} = {3E3F4DE1-8470-4344-A956-3641E11EB1EF}
		{37DE3EBB-7EBC-4F08-8A84-03635E6F971B} = {3E3F4DE1-8470-4344-A956-3641E11EB1EF}
		{0354345C-1B81-4228-97DA-FF822888C3ED} = {3E3F4DE1-8470-4344-A956-3641E11EB1EF}
		{18F9F5E1-2D83-4958-9980-FA7F91BB6006} = {3E3F4DE1-8470-4344-A956-3641E11EB1EF}
		{3627E31F-94B8-4715-A40B-48729F29CFA9} = {308966BD-C2E1-4602-8F2B-E932F0759D09}
		{4323B92B-86CC-436B-AB27-E2C19411DAEE} = {308966BD-C2E1-4602-8F2B-E932F0759D09}
		{C0BF886A-D1F2-465E-B138-2A4F6E97622C} = {145F8229-87D9-45A1-8138-FDA0C94BAFD7}
		{FDEFD54C-583B-4D18-9ABE-ED91CE092503} = {145F8229-87D9-45A1-8138-FDA0C94BAFD7}
		{587B95AF-4FE6-4520-8849-3A44A9E84EE5} = {1ED2E12B-4EA6-43AC-A91A-BA1FC262CCF4}
		{E4F09BC8-70E2-43DF-A5B5-276566EB9EC1} = {1ED2E12B-4EA6-43AC-A91A-BA1FC262CCF4}
		{9A592D8F-B439-47C3-BACF-A86F30C53130} = {FAC3586D-B623-4C3D-815B-4E8EBC8AF0FC}
		{4638FDA9-EBF6-492B-AA20-FE8300E3B34F} = {FAC3586D-B623-4C3D-815B-4E8EBC8AF0FC}
		{F36115BA-978D-480A-AB11-6A9DAF80B6E3} = {FAC3586D-B623-4C3D-815B-4E8EBC8AF0FC}
		{31C5953F-822E-429C-A133-A79940ED4CBE} = {FAC3586D-B623-4C3D-815B-4E8EBC8AF0FC}
		{7EE6D065-86CB-4526-9F07-ADC490F9D22E} = {FAC3586D-B623-4C3D-815B-4E8EBC8AF0FC}
		{DCFAE62D-E9F0-4637-9758-A4B86AB7E53A} = {FAC3586D-B623-4C3D-815B-4E8EBC8AF0FC}
	EndGlobalSection
EndGlobal
