
Microsoft Visual Studio Solution File, Format Version 12.00
# Visual Studio 14
VisualStudioVersion = 14.0.25420.1
MinimumVisualStudioVersion = 10.0.40219.1
Project("{FAE04EC0-301F-11D3-BF4B-00C04F79EFBC}") = "Cti.Seller.Client.BusinessDomain", "Cti.Seller.Client.Business\Cti.Seller.Client.BusinessDomain.csproj", "{C9AC2D3C-4F2A-484F-BC63-918A339306BF}"
EndProject
Project("{FAE04EC0-301F-11D3-BF4B-00C04F79EFBC}") = "Cti.Seller.Client.Entities", "Cti.Seller.Client.Entities\Cti.Seller.Client.Entities.csproj", "{0354345C-1B81-4228-97DA-FF822888C3ED}"
EndProject
Project("{FAE04EC0-301F-11D3-BF4B-00C04F79EFBC}") = "test", "..\test\test.csproj", "{B3AFB008-413E-470C-9B1A-CA40A152E98D}"
EndProject
Project("{E24C65DC-7377-472B-9ABA-BC803B73C61A}") = "Sellers Kiosk(1)", "Sellers Kiosk\", "{F0EA9F67-3514-4CEB-8D10-41410B18FC9C}"
	ProjectSection(WebsiteProperties) = preProject
		TargetFrameworkMoniker = ".NETFramework,Version%3Dv4.0"
		Debug.AspNetCompiler.VirtualPath = "/localhost_57298"
		Debug.AspNetCompiler.PhysicalPath = "Sellers Kiosk\"
		Debug.AspNetCompiler.TargetPath = "PrecompiledWeb\localhost_57298\"
		Debug.AspNetCompiler.Updateable = "true"
		Debug.AspNetCompiler.ForceOverwrite = "true"
		Debug.AspNetCompiler.FixedNames = "false"
		Debug.AspNetCompiler.Debug = "True"
		Release.AspNetCompiler.VirtualPath = "/localhost_57298"
		Release.AspNetCompiler.PhysicalPath = "Sellers Kiosk\"
		Release.AspNetCompiler.TargetPath = "PrecompiledWeb\localhost_57298\"
		Release.AspNetCompiler.Updateable = "true"
		Release.AspNetCompiler.ForceOverwrite = "true"
		Release.AspNetCompiler.FixedNames = "false"
		Release.AspNetCompiler.Debug = "False"
		VWDPort = "57298"
		SlnRelativePath = "Sellers Kiosk\"
	EndProjectSection
EndProject
Global
	GlobalSection(SolutionConfigurationPlatforms) = preSolution
		Debug|Any CPU = Debug|Any CPU
		Release|Any CPU = Release|Any CPU
	EndGlobalSection
	GlobalSection(ProjectConfigurationPlatforms) = postSolution
		{C9AC2D3C-4F2A-484F-BC63-918A339306BF}.Debug|Any CPU.ActiveCfg = Debug|Any CPU
		{C9AC2D3C-4F2A-484F-BC63-918A339306BF}.Debug|Any CPU.Build.0 = Debug|Any CPU
		{C9AC2D3C-4F2A-484F-BC63-918A339306BF}.Release|Any CPU.ActiveCfg = Release|Any CPU
		{C9AC2D3C-4F2A-484F-BC63-918A339306BF}.Release|Any CPU.Build.0 = Release|Any CPU
		{0354345C-1B81-4228-97DA-FF822888C3ED}.Debug|Any CPU.ActiveCfg = Debug|Any CPU
		{0354345C-1B81-4228-97DA-FF822888C3ED}.Debug|Any CPU.Build.0 = Debug|Any CPU
		{0354345C-1B81-4228-97DA-FF822888C3ED}.Release|Any CPU.ActiveCfg = Release|Any CPU
		{0354345C-1B81-4228-97DA-FF822888C3ED}.Release|Any CPU.Build.0 = Release|Any CPU
		{B3AFB008-413E-470C-9B1A-CA40A152E98D}.Debug|Any CPU.ActiveCfg = Debug|Any CPU
		{B3AFB008-413E-470C-9B1A-CA40A152E98D}.Debug|Any CPU.Build.0 = Debug|Any CPU
		{B3AFB008-413E-470C-9B1A-CA40A152E98D}.Release|Any CPU.ActiveCfg = Release|Any CPU
		{B3AFB008-413E-470C-9B1A-CA40A152E98D}.Release|Any CPU.Build.0 = Release|Any CPU
		{F0EA9F67-3514-4CEB-8D10-41410B18FC9C}.Debug|Any CPU.ActiveCfg = Debug|Any CPU
		{F0EA9F67-3514-4CEB-8D10-41410B18FC9C}.Debug|Any CPU.Build.0 = Debug|Any CPU
		{F0EA9F67-3514-4CEB-8D10-41410B18FC9C}.Release|Any CPU.ActiveCfg = Debug|Any CPU
		{F0EA9F67-3514-4CEB-8D10-41410B18FC9C}.Release|Any CPU.Build.0 = Debug|Any CPU
	EndGlobalSection
	GlobalSection(SolutionProperties) = preSolution
		HideSolutionNode = FALSE
	EndGlobalSection
EndGlobal
