
Microsoft Visual Studio Solution File, Format Version 12.00
# Visual Studio 14
VisualStudioVersion = 14.0.25420.1
MinimumVisualStudioVersion = 10.0.40219.1
Project("{E24C65DC-7377-472B-9ABA-BC803B73C61A}") = "Sellers Kiosk", "Sellers Kiosk\", "{F4EE5DF5-0B23-4F5C-A230-2CF93E7672C4}"
	ProjectSection(WebsiteProperties) = preProject
		TargetFrameworkMoniker = ".NETFramework,Version%3Dv4.5"
		ProjectReferences = ""
		Debug.AspNetCompiler.VirtualPath = "/localhost_4566"
		Debug.AspNetCompiler.PhysicalPath = "Sellers Kiosk\"
		Debug.AspNetCompiler.TargetPath = "PrecompiledWeb\localhost_4566\"
		Debug.AspNetCompiler.Updateable = "true"
		Debug.AspNetCompiler.ForceOverwrite = "true"
		Debug.AspNetCompiler.FixedNames = "false"
		Debug.AspNetCompiler.Debug = "True"
		Release.AspNetCompiler.VirtualPath = "/localhost_4566"
		Release.AspNetCompiler.PhysicalPath = "Sellers Kiosk\"
		Release.AspNetCompiler.TargetPath = "PrecompiledWeb\localhost_4566\"
		Release.AspNetCompiler.Updateable = "true"
		Release.AspNetCompiler.ForceOverwrite = "true"
		Release.AspNetCompiler.FixedNames = "false"
		Release.AspNetCompiler.Debug = "False"
		VWDPort = "4566"
		SlnRelativePath = "Sellers Kiosk\"
	EndProjectSection
EndProject
Project("{FAE04EC0-301F-11D3-BF4B-00C04F79EFBC}") = "FliAuthLib", "FliAuthLib\FliAuthLib.csproj", "{FE24841D-DC8B-43FF-A722-461B1062C000}"
EndProject
Global
	GlobalSection(SolutionConfigurationPlatforms) = preSolution
		Debug|Any CPU = Debug|Any CPU
		Release|Any CPU = Release|Any CPU
	EndGlobalSection
	GlobalSection(ProjectConfigurationPlatforms) = postSolution
		{F4EE5DF5-0B23-4F5C-A230-2CF93E7672C4}.Debug|Any CPU.ActiveCfg = Debug|Any CPU
		{F4EE5DF5-0B23-4F5C-A230-2CF93E7672C4}.Debug|Any CPU.Build.0 = Debug|Any CPU
		{F4EE5DF5-0B23-4F5C-A230-2CF93E7672C4}.Release|Any CPU.ActiveCfg = Debug|Any CPU
		{F4EE5DF5-0B23-4F5C-A230-2CF93E7672C4}.Release|Any CPU.Build.0 = Debug|Any CPU
		{FE24841D-DC8B-43FF-A722-461B1062C000}.Debug|Any CPU.ActiveCfg = Debug|Any CPU
		{FE24841D-DC8B-43FF-A722-461B1062C000}.Debug|Any CPU.Build.0 = Debug|Any CPU
		{FE24841D-DC8B-43FF-A722-461B1062C000}.Release|Any CPU.ActiveCfg = Release|Any CPU
		{FE24841D-DC8B-43FF-A722-461B1062C000}.Release|Any CPU.Build.0 = Release|Any CPU
	EndGlobalSection
	GlobalSection(SolutionProperties) = preSolution
		HideSolutionNode = FALSE
	EndGlobalSection
EndGlobal
